
Microsoft Visual Studio Solution File, Format Version 12.00
# Visual Studio Version 17
VisualStudioVersion = 17.4.33213.308
MinimumVisualStudioVersion = 10.0.40219.1
Project("{FAE04EC0-301F-11D3-BF4B-00C04F79EFBC}") = "Lightnovel", "Lightnovel\Lightnovel.csproj", "{018F78F4-58DB-4B7F-A0F5-1A9174FC5C6E}"
EndProject
Global
	GlobalSection(SolutionConfigurationPlatforms) = preSolution
		Debug|Any CPU = Debug|Any CPU
		Release|Any CPU = Release|Any CPU
	EndGlobalSection
	GlobalSection(ProjectConfigurationPlatforms) = postSolution
		{018F78F4-58DB-4B7F-A0F5-1A9174FC5C6E}.Debug|Any CPU.ActiveCfg = Debug|Any CPU
		{018F78F4-58DB-4B7F-A0F5-1A9174FC5C6E}.Debug|Any CPU.Build.0 = Debug|Any CPU
		{018F78F4-58DB-4B7F-A0F5-1A9174FC5C6E}.Release|Any CPU.ActiveCfg = Release|Any CPU
		{018F78F4-58DB-4B7F-A0F5-1A9174FC5C6E}.Release|Any CPU.Build.0 = Release|Any CPU
	EndGlobalSection
	GlobalSection(SolutionProperties) = preSolution
		HideSolutionNode = FALSE
	EndGlobalSection
	GlobalSection(ExtensibilityGlobals) = postSolution
		SolutionGuid = {CDA9DC32-13BD-4172-B3CB-137F2E90D16C}
	EndGlobalSection
EndGlobal
